
Microsoft Visual Studio Solution File, Format Version 12.00
# Visual Studio 15
VisualStudioVersion = 15.0.27130.2036
MinimumVisualStudioVersion = 10.0.40219.1
Project("{FAE04EC0-301F-11D3-BF4B-00C04F79EFBC}") = "Lab_20_CoffeeShop", "Lab_20_CoffeeShop\Lab_20_CoffeeShop.csproj", "{0078DC76-CC78-4DF2-BE53-AD36D1BC4556}"
EndProject
Project("{FAE04EC0-301F-11D3-BF4B-00C04F79EFBC}") = "Lab_20_CoffeeShop.Tests", "Lab_20_CoffeeShop.Tests\Lab_20_CoffeeShop.Tests.csproj", "{91BC8CDA-471F-4FBE-A1B8-F345FD0E40B5}"
EndProject
Global
	GlobalSection(SolutionConfigurationPlatforms) = preSolution
		Debug|Any CPU = Debug|Any CPU
		Release|Any CPU = Release|Any CPU
	EndGlobalSection
	GlobalSection(ProjectConfigurationPlatforms) = postSolution
		{0078DC76-CC78-4DF2-BE53-AD36D1BC4556}.Debug|Any CPU.ActiveCfg = Debug|Any CPU
		{0078DC76-CC78-4DF2-BE53-AD36D1BC4556}.Debug|Any CPU.Build.0 = Debug|Any CPU
		{0078DC76-CC78-4DF2-BE53-AD36D1BC4556}.Release|Any CPU.ActiveCfg = Release|Any CPU
		{0078DC76-CC78-4DF2-BE53-AD36D1BC4556}.Release|Any CPU.Build.0 = Release|Any CPU
		{91BC8CDA-471F-4FBE-A1B8-F345FD0E40B5}.Debug|Any CPU.ActiveCfg = Debug|Any CPU
		{91BC8CDA-471F-4FBE-A1B8-F345FD0E40B5}.Debug|Any CPU.Build.0 = Debug|Any CPU
		{91BC8CDA-471F-4FBE-A1B8-F345FD0E40B5}.Release|Any CPU.ActiveCfg = Release|Any CPU
		{91BC8CDA-471F-4FBE-A1B8-F345FD0E40B5}.Release|Any CPU.Build.0 = Release|Any CPU
	EndGlobalSection
	GlobalSection(SolutionProperties) = preSolution
		HideSolutionNode = FALSE
	EndGlobalSection
	GlobalSection(ExtensibilityGlobals) = postSolution
		SolutionGuid = {CFD6BDFC-E17A-4281-8664-218A09A229F7}
	EndGlobalSection
EndGlobal
